// !$*UTF8*$!
{
	archiveVersion = 1;
	classes = {
	};
	objectVersion = 46;
	objects = {

/* Begin PBXBuildFile section */
		042A40FD1CDB215200828DA6 /* Podfile in Resources */ = {isa = PBXBuildFile; fileRef = 042A40FC1CDB215200828DA6 /* Podfile */; };
		042A40FF1CDB26DC00828DA6 /* libVK-ios-sdk.a in Frameworks */ = {isa = PBXBuildFile; fileRef = 042A40FE1CDB26DC00828DA6 /* libVK-ios-sdk.a */; };
		04E789861CF3219A000CA09A /* AppDelegate.swift in Sources */ = {isa = PBXBuildFile; fileRef = 04E789401CF3219A000CA09A /* AppDelegate.swift */; };
		04E789871CF3219A000CA09A /* Assets.xcassets in Resources */ = {isa = PBXBuildFile; fileRef = 04E789421CF3219A000CA09A /* Assets.xcassets */; };
		04E789881CF3219A000CA09A /* LaunchScreen.storyboard in Resources */ = {isa = PBXBuildFile; fileRef = 04E789431CF3219A000CA09A /* LaunchScreen.storyboard */; };
		04E789891CF3219A000CA09A /* RootRouter.swift in Sources */ = {isa = PBXBuildFile; fileRef = 04E789441CF3219A000CA09A /* RootRouter.swift */; };
		04E7898A1CF3219A000CA09A /* Main.storyboard in Resources */ = {isa = PBXBuildFile; fileRef = 04E789491CF3219A000CA09A /* Main.storyboard */; };
		04E789CC1CF32D24000CA09A /* ThreadHelpers.swift in Sources */ = {isa = PBXBuildFile; fileRef = 04E789C61CF32D24000CA09A /* ThreadHelpers.swift */; };
		04E789CD1CF32D24000CA09A /* KeyboardParameters.swift in Sources */ = {isa = PBXBuildFile; fileRef = 04E789C81CF32D24000CA09A /* KeyboardParameters.swift */; };
		04E789CE1CF32D24000CA09A /* ViperPresenter.swift in Sources */ = {isa = PBXBuildFile; fileRef = 04E789C91CF32D24000CA09A /* ViperPresenter.swift */; };
		04E789CF1CF32D24000CA09A /* ViperRouter.swift in Sources */ = {isa = PBXBuildFile; fileRef = 04E789CA1CF32D24000CA09A /* ViperRouter.swift */; };
		04E789D01CF32D24000CA09A /* ViperViewController.swift in Sources */ = {isa = PBXBuildFile; fileRef = 04E789CB1CF32D24000CA09A /* ViperViewController.swift */; };
		11033CA0148AA3C9E2CFBC54 /* PhotosListModuleProtocols.swift in Sources */ = {isa = PBXBuildFile; fileRef = 256AE23B52D95DAE97CA8F38 /* PhotosListModuleProtocols.swift */; };
		1BC4938BD006E52DCE23C385 /* AlbumListPresenter.swift in Sources */ = {isa = PBXBuildFile; fileRef = 446BD82A8DA2CF1B7FC114DD /* AlbumListPresenter.swift */; };
		1EADC7586B135E34A5F4AC29 /* PhotoScreenPresenter.swift in Sources */ = {isa = PBXBuildFile; fileRef = B50570033EC5D6552D52599C /* PhotoScreenPresenter.swift */; };
		39702E24B6ED8D1C47BF2501 /* PhotosListAssembly.swift in Sources */ = {isa = PBXBuildFile; fileRef = 4D780146485A12D0356130DF /* PhotosListAssembly.swift */; };
		4C4C6EFD9AC87ED8EDB6623E /* NLoginScreenViewController.swift in Sources */ = {isa = PBXBuildFile; fileRef = 151174877AEFA733A11D0933 /* NLoginScreenViewController.swift */; };
		65EF9D7BBC7148194BA7D517 /* LoginScreenPresenter.swift in Sources */ = {isa = PBXBuildFile; fileRef = E93C3E98A52F0E108624583C /* LoginScreenPresenter.swift */; };
		68DEF57AF1BA34D46BC79588 /* NPhotoScreenViewController.swift in Sources */ = {isa = PBXBuildFile; fileRef = DBA9DF079DBAFCDC035C9BF1 /* NPhotoScreenViewController.swift */; };
		6CDD67CED1356628D89A8007 /* PhotosListRouter.swift in Sources */ = {isa = PBXBuildFile; fileRef = CA3FA7C67774D90F9613785A /* PhotosListRouter.swift */; };
		739EDE9E9F0A08AF598ABACC /* LoginScreenRouter.swift in Sources */ = {isa = PBXBuildFile; fileRef = 30B0ABF22779E1FCF2E84D6B /* LoginScreenRouter.swift */; };
		78570C365991517C9C755681 /* NPhotosListViewController.swift in Sources */ = {isa = PBXBuildFile; fileRef = A20DC2B29F2F3B2DD1DD9508 /* NPhotosListViewController.swift */; };
		85440EECAEF8815C2FE5EF5C /* Pods_VKPhotoViewer.framework in Frameworks */ = {isa = PBXBuildFile; fileRef = 3A1BE67C3286EDF0D6FB0484 /* Pods_VKPhotoViewer.framework */; settings = {ATTRIBUTES = (Weak, ); }; };
		8590C2719AF0EE9875B4364A /* PhotoScreenInteractor.swift in Sources */ = {isa = PBXBuildFile; fileRef = AC6C2B328DE2675E3E91F487 /* PhotoScreenInteractor.swift */; };
		8925D8A138CE31F533336517 /* libPods.a in Frameworks */ = {isa = PBXBuildFile; fileRef = F4053B534326E1319595F8F0 /* libPods.a */; };
		8F0F81836FCFB6856FD26393 /* LoginScreenInteractor.swift in Sources */ = {isa = PBXBuildFile; fileRef = E604AD690DBAEE05602BA1CC /* LoginScreenInteractor.swift */; };
		8F605D5094139CF576B7E95D /* AlbumListRouter.swift in Sources */ = {isa = PBXBuildFile; fileRef = FF1FBBA0978522A4C8A308B0 /* AlbumListRouter.swift */; };
		95E13C7AE2B5014256BA25CE /* LoginScreenAssembly.swift in Sources */ = {isa = PBXBuildFile; fileRef = 96BB0D94594620AC8438674F /* LoginScreenAssembly.swift */; };
		9D60D55750055D8C28471851 /* NAlbumListViewController.swift in Sources */ = {isa = PBXBuildFile; fileRef = 6D79C42F837BAF02E74CCCE8 /* NAlbumListViewController.swift */; };
		9D658D32CFFE12189B95F3C1 /* PhotosListPresenter.swift in Sources */ = {isa = PBXBuildFile; fileRef = EDBE5E1B65190B095C01A42D /* PhotosListPresenter.swift */; };
		9FC188AE9D2E8BC44A843612 /* AlbumListAssembly.swift in Sources */ = {isa = PBXBuildFile; fileRef = 6413555A0530BC580D92E728 /* AlbumListAssembly.swift */; };
		AB02C78EEB155FCF062F2E85 /* PhotoScreenAssembly.swift in Sources */ = {isa = PBXBuildFile; fileRef = 593BBBF48EE5AE044C0B2504 /* PhotoScreenAssembly.swift */; };
		AEA8A2A3067F7471FCAF5E03 /* AlbumListInteractor.swift in Sources */ = {isa = PBXBuildFile; fileRef = 2C66484B1CB54A6A893EB142 /* AlbumListInteractor.swift */; };
		CBBEF3E9FB7D2C39E0774951 /* PhotosListInteractor.swift in Sources */ = {isa = PBXBuildFile; fileRef = 4D028AAF38C0364CB3474EC8 /* PhotosListInteractor.swift */; };
		D4346F33A35B80EAC2057120 /* PhotoScreenRouter.swift in Sources */ = {isa = PBXBuildFile; fileRef = 2F9D4113921968E34B3E4888 /* PhotoScreenRouter.swift */; };
		D57EB52C60C2176B8F1978FC /* PhotoScreenModuleProtocols.swift in Sources */ = {isa = PBXBuildFile; fileRef = 2A944F8348FE63092680458D /* PhotoScreenModuleProtocols.swift */; };
		D8A20A61BE9B03C5012E697F /* AlbumListModuleProtocols.swift in Sources */ = {isa = PBXBuildFile; fileRef = 6250ED2B13DF4A54F4CC0696 /* AlbumListModuleProtocols.swift */; };
		E43DB0D30C6401905409FDE9 /* LoginScreenModuleProtocols.swift in Sources */ = {isa = PBXBuildFile; fileRef = 6B34FA3897CB868FF63E875F /* LoginScreenModuleProtocols.swift */; };
/* End PBXBuildFile section */

/* Begin PBXContainerItemProxy section */
		04F326AF1CF1E582001DEBE2 /* PBXContainerItemProxy */ = {
			isa = PBXContainerItemProxy;
			containerPortal = 0458B37E1CDA791F00995807 /* Project object */;
			proxyType = 1;
			remoteGlobalIDString = 0458B3851CDA791F00995807;
			remoteInfo = VKPhotoViewer;
		};
/* End PBXContainerItemProxy section */

/* Begin PBXFileReference section */
		042A40FC1CDB215200828DA6 /* Podfile */ = {isa = PBXFileReference; fileEncoding = 4; lastKnownFileType = text; path = Podfile; sourceTree = "<group>"; xcLanguageSpecificationIdentifier = xcode.lang.ruby; };
		042A40FE1CDB26DC00828DA6 /* libVK-ios-sdk.a */ = {isa = PBXFileReference; lastKnownFileType = archive.ar; name = "libVK-ios-sdk.a"; path = "Pods/../build/Debug-iphoneos/libVK-ios-sdk.a"; sourceTree = "<group>"; };
		0458B3861CDA791F00995807 /* VKPhotoViewer.app */ = {isa = PBXFileReference; explicitFileType = wrapper.application; includeInIndex = 0; path = VKPhotoViewer.app; sourceTree = BUILT_PRODUCTS_DIR; };
		04E789401CF3219A000CA09A /* AppDelegate.swift */ = {isa = PBXFileReference; fileEncoding = 4; lastKnownFileType = sourcecode.swift; path = AppDelegate.swift; sourceTree = "<group>"; };
		04E789421CF3219A000CA09A /* Assets.xcassets */ = {isa = PBXFileReference; lastKnownFileType = folder.assetcatalog; path = Assets.xcassets; sourceTree = "<group>"; };
		04E789431CF3219A000CA09A /* LaunchScreen.storyboard */ = {isa = PBXFileReference; fileEncoding = 4; lastKnownFileType = file.storyboard; path = LaunchScreen.storyboard; sourceTree = "<group>"; };
		04E789441CF3219A000CA09A /* RootRouter.swift */ = {isa = PBXFileReference; fileEncoding = 4; lastKnownFileType = sourcecode.swift; path = RootRouter.swift; sourceTree = "<group>"; };
		04E789491CF3219A000CA09A /* Main.storyboard */ = {isa = PBXFileReference; fileEncoding = 4; lastKnownFileType = file.storyboard; path = Main.storyboard; sourceTree = "<group>"; };
		04E789C61CF32D24000CA09A /* ThreadHelpers.swift */ = {isa = PBXFileReference; fileEncoding = 4; lastKnownFileType = sourcecode.swift; path = ThreadHelpers.swift; sourceTree = "<group>"; };
		04E789C81CF32D24000CA09A /* KeyboardParameters.swift */ = {isa = PBXFileReference; fileEncoding = 4; lastKnownFileType = sourcecode.swift; path = KeyboardParameters.swift; sourceTree = "<group>"; };
		04E789C91CF32D24000CA09A /* ViperPresenter.swift */ = {isa = PBXFileReference; fileEncoding = 4; lastKnownFileType = sourcecode.swift; path = ViperPresenter.swift; sourceTree = "<group>"; };
		04E789CA1CF32D24000CA09A /* ViperRouter.swift */ = {isa = PBXFileReference; fileEncoding = 4; lastKnownFileType = sourcecode.swift; path = ViperRouter.swift; sourceTree = "<group>"; };
		04E789CB1CF32D24000CA09A /* ViperViewController.swift */ = {isa = PBXFileReference; fileEncoding = 4; lastKnownFileType = sourcecode.swift; path = ViperViewController.swift; sourceTree = "<group>"; };
		04E789D11CF34332000CA09A /* VKPhotoViewer-Bridging-Header.h */ = {isa = PBXFileReference; lastKnownFileType = sourcecode.c.h; path = "VKPhotoViewer-Bridging-Header.h"; sourceTree = "<group>"; };
		04F326AA1CF1E582001DEBE2 /* VKPhotoViewerUITests.xctest */ = {isa = PBXFileReference; explicitFileType = wrapper.cfbundle; includeInIndex = 0; path = VKPhotoViewerUITests.xctest; sourceTree = BUILT_PRODUCTS_DIR; };
		151174877AEFA733A11D0933 /* NLoginScreenViewController.swift */ = {isa = PBXFileReference; includeInIndex = 1; lastKnownFileType = sourcecode.swift; path = NLoginScreenViewController.swift; sourceTree = "<group>"; };
		256AE23B52D95DAE97CA8F38 /* PhotosListModuleProtocols.swift */ = {isa = PBXFileReference; includeInIndex = 1; lastKnownFileType = sourcecode.swift; path = PhotosListModuleProtocols.swift; sourceTree = "<group>"; };
		2A944F8348FE63092680458D /* PhotoScreenModuleProtocols.swift */ = {isa = PBXFileReference; includeInIndex = 1; lastKnownFileType = sourcecode.swift; path = PhotoScreenModuleProtocols.swift; sourceTree = "<group>"; };
		2C66484B1CB54A6A893EB142 /* AlbumListInteractor.swift */ = {isa = PBXFileReference; includeInIndex = 1; lastKnownFileType = sourcecode.swift; path = AlbumListInteractor.swift; sourceTree = "<group>"; };
		2F9D4113921968E34B3E4888 /* PhotoScreenRouter.swift */ = {isa = PBXFileReference; includeInIndex = 1; lastKnownFileType = sourcecode.swift; path = PhotoScreenRouter.swift; sourceTree = "<group>"; };
		30B0ABF22779E1FCF2E84D6B /* LoginScreenRouter.swift */ = {isa = PBXFileReference; includeInIndex = 1; lastKnownFileType = sourcecode.swift; path = LoginScreenRouter.swift; sourceTree = "<group>"; };
		3A1BE67C3286EDF0D6FB0484 /* Pods_VKPhotoViewer.framework */ = {isa = PBXFileReference; explicitFileType = wrapper.framework; includeInIndex = 0; path = Pods_VKPhotoViewer.framework; sourceTree = BUILT_PRODUCTS_DIR; };
		446BD82A8DA2CF1B7FC114DD /* AlbumListPresenter.swift */ = {isa = PBXFileReference; includeInIndex = 1; lastKnownFileType = sourcecode.swift; path = AlbumListPresenter.swift; sourceTree = "<group>"; };
		4D028AAF38C0364CB3474EC8 /* PhotosListInteractor.swift */ = {isa = PBXFileReference; includeInIndex = 1; lastKnownFileType = sourcecode.swift; path = PhotosListInteractor.swift; sourceTree = "<group>"; };
		4D780146485A12D0356130DF /* PhotosListAssembly.swift */ = {isa = PBXFileReference; includeInIndex = 1; lastKnownFileType = sourcecode.swift; path = PhotosListAssembly.swift; sourceTree = "<group>"; };
		593BBBF48EE5AE044C0B2504 /* PhotoScreenAssembly.swift */ = {isa = PBXFileReference; includeInIndex = 1; lastKnownFileType = sourcecode.swift; path = PhotoScreenAssembly.swift; sourceTree = "<group>"; };
		6250ED2B13DF4A54F4CC0696 /* AlbumListModuleProtocols.swift */ = {isa = PBXFileReference; includeInIndex = 1; lastKnownFileType = sourcecode.swift; path = AlbumListModuleProtocols.swift; sourceTree = "<group>"; };
		6413555A0530BC580D92E728 /* AlbumListAssembly.swift */ = {isa = PBXFileReference; includeInIndex = 1; lastKnownFileType = sourcecode.swift; path = AlbumListAssembly.swift; sourceTree = "<group>"; };
		6B34FA3897CB868FF63E875F /* LoginScreenModuleProtocols.swift */ = {isa = PBXFileReference; includeInIndex = 1; lastKnownFileType = sourcecode.swift; path = LoginScreenModuleProtocols.swift; sourceTree = "<group>"; };
		6D79C42F837BAF02E74CCCE8 /* NAlbumListViewController.swift */ = {isa = PBXFileReference; includeInIndex = 1; lastKnownFileType = sourcecode.swift; path = NAlbumListViewController.swift; sourceTree = "<group>"; };
		7926DBB9393125FA6B1E2D69 /* Pods.release.xcconfig */ = {isa = PBXFileReference; includeInIndex = 1; lastKnownFileType = text.xcconfig; name = Pods.release.xcconfig; path = "Pods/Target Support Files/Pods/Pods.release.xcconfig"; sourceTree = "<group>"; };
		96BB0D94594620AC8438674F /* LoginScreenAssembly.swift */ = {isa = PBXFileReference; includeInIndex = 1; lastKnownFileType = sourcecode.swift; path = LoginScreenAssembly.swift; sourceTree = "<group>"; };
		A20DC2B29F2F3B2DD1DD9508 /* NPhotosListViewController.swift */ = {isa = PBXFileReference; includeInIndex = 1; lastKnownFileType = sourcecode.swift; path = NPhotosListViewController.swift; sourceTree = "<group>"; };
		AC6C2B328DE2675E3E91F487 /* PhotoScreenInteractor.swift */ = {isa = PBXFileReference; includeInIndex = 1; lastKnownFileType = sourcecode.swift; path = PhotoScreenInteractor.swift; sourceTree = "<group>"; };
		B50570033EC5D6552D52599C /* PhotoScreenPresenter.swift */ = {isa = PBXFileReference; includeInIndex = 1; lastKnownFileType = sourcecode.swift; path = PhotoScreenPresenter.swift; sourceTree = "<group>"; };
		B7C5CBC266D224E079BD7A2F /* Pods.debug.xcconfig */ = {isa = PBXFileReference; includeInIndex = 1; lastKnownFileType = text.xcconfig; name = Pods.debug.xcconfig; path = "Pods/Target Support Files/Pods/Pods.debug.xcconfig"; sourceTree = "<group>"; };
		CA3FA7C67774D90F9613785A /* PhotosListRouter.swift */ = {isa = PBXFileReference; includeInIndex = 1; lastKnownFileType = sourcecode.swift; path = PhotosListRouter.swift; sourceTree = "<group>"; };
		DBA9DF079DBAFCDC035C9BF1 /* NPhotoScreenViewController.swift */ = {isa = PBXFileReference; includeInIndex = 1; lastKnownFileType = sourcecode.swift; path = NPhotoScreenViewController.swift; sourceTree = "<group>"; };
		E604AD690DBAEE05602BA1CC /* LoginScreenInteractor.swift */ = {isa = PBXFileReference; includeInIndex = 1; lastKnownFileType = sourcecode.swift; path = LoginScreenInteractor.swift; sourceTree = "<group>"; };
		E93C3E98A52F0E108624583C /* LoginScreenPresenter.swift */ = {isa = PBXFileReference; includeInIndex = 1; lastKnownFileType = sourcecode.swift; path = LoginScreenPresenter.swift; sourceTree = "<group>"; };
		EDBE5E1B65190B095C01A42D /* PhotosListPresenter.swift */ = {isa = PBXFileReference; includeInIndex = 1; lastKnownFileType = sourcecode.swift; path = PhotosListPresenter.swift; sourceTree = "<group>"; };
		F4053B534326E1319595F8F0 /* libPods.a */ = {isa = PBXFileReference; explicitFileType = archive.ar; includeInIndex = 0; path = libPods.a; sourceTree = BUILT_PRODUCTS_DIR; };
		FF1FBBA0978522A4C8A308B0 /* AlbumListRouter.swift */ = {isa = PBXFileReference; includeInIndex = 1; lastKnownFileType = sourcecode.swift; path = AlbumListRouter.swift; sourceTree = "<group>"; };
/* End PBXFileReference section */

/* Begin PBXFrameworksBuildPhase section */
		0458B3831CDA791F00995807 /* Frameworks */ = {
			isa = PBXFrameworksBuildPhase;
			buildActionMask = 2147483647;
			files = (
				042A40FF1CDB26DC00828DA6 /* libVK-ios-sdk.a in Frameworks */,
				85440EECAEF8815C2FE5EF5C /* Pods_VKPhotoViewer.framework in Frameworks */,
				8925D8A138CE31F533336517 /* libPods.a in Frameworks */,
			);
			runOnlyForDeploymentPostprocessing = 0;
		};
		04F326A71CF1E582001DEBE2 /* Frameworks */ = {
			isa = PBXFrameworksBuildPhase;
			buildActionMask = 2147483647;
			files = (
			);
			runOnlyForDeploymentPostprocessing = 0;
		};
/* End PBXFrameworksBuildPhase section */

/* Begin PBXGroup section */
		0458B37D1CDA791F00995807 = {
			isa = PBXGroup;
			children = (
				04E7893E1CF3219A000CA09A /* Classes */,
				042A40FC1CDB215200828DA6 /* Podfile */,
				0458B3871CDA791F00995807 /* Products */,
				F6077CC13A035671A7279CEB /* Pods */,
				81BBA53ACE2AA72E8B80AAA4 /* Frameworks */,
			);
			sourceTree = "<group>";
		};
		0458B3871CDA791F00995807 /* Products */ = {
			isa = PBXGroup;
			children = (
				0458B3861CDA791F00995807 /* VKPhotoViewer.app */,
				04F326AA1CF1E582001DEBE2 /* VKPhotoViewerUITests.xctest */,
			);
			name = Products;
			sourceTree = "<group>";
		};
		04E7893E1CF3219A000CA09A /* Classes */ = {
			isa = PBXGroup;
			children = (
				04E7893F1CF3219A000CA09A /* Application */,
				04E789451CF3219A000CA09A /* Domain */,
				04E789461CF3219A000CA09A /* Services */,
				04E789471CF3219A000CA09A /* UserStory */,
			);
			path = Classes;
			sourceTree = "<group>";
		};
		04E7893F1CF3219A000CA09A /* Application */ = {
			isa = PBXGroup;
			children = (
				04E789401CF3219A000CA09A /* AppDelegate.swift */,
				04E789D11CF34332000CA09A /* VKPhotoViewer-Bridging-Header.h */,
				04E789411CF3219A000CA09A /* BundleFiles */,
				04E789441CF3219A000CA09A /* RootRouter.swift */,
				04E789C41CF32D24000CA09A /* CommonClasses */,
			);
			path = Application;
			sourceTree = "<group>";
		};
		04E789411CF3219A000CA09A /* BundleFiles */ = {
			isa = PBXGroup;
			children = (
				04E789421CF3219A000CA09A /* Assets.xcassets */,
				04E789431CF3219A000CA09A /* LaunchScreen.storyboard */,
			);
			path = BundleFiles;
			sourceTree = "<group>";
		};
		04E789451CF3219A000CA09A /* Domain */ = {
			isa = PBXGroup;
			children = (
			);
			path = Domain;
			sourceTree = "<group>";
		};
		04E789461CF3219A000CA09A /* Services */ = {
			isa = PBXGroup;
			children = (
			);
			path = Services;
			sourceTree = "<group>";
		};
		04E789471CF3219A000CA09A /* UserStory */ = {
			isa = PBXGroup;
			children = (
				04E789481CF3219A000CA09A /* Main */,
			);
			path = UserStory;
			sourceTree = "<group>";
		};
		04E789481CF3219A000CA09A /* Main */ = {
			isa = PBXGroup;
			children = (
				04E789491CF3219A000CA09A /* Main.storyboard */,
				8C7CBC6995915BA5290CC34B /* LoginScreen */,
				618E16E13E31CF759F946C49 /* AlbumList */,
				2A80A448059A80DAD3A6E710 /* PhotosList */,
				82FAF549831E8FAA700641F2 /* PhotoScreen */,
			);
			path = Main;
			sourceTree = "<group>";
		};
		04E789C41CF32D24000CA09A /* CommonClasses */ = {
			isa = PBXGroup;
			children = (
				04E789C51CF32D24000CA09A /* ThreadHelpers */,
				04E789C71CF32D24000CA09A /* ViperBaseClasses */,
			);
			path = CommonClasses;
			sourceTree = "<group>";
		};
		04E789C51CF32D24000CA09A /* ThreadHelpers */ = {
			isa = PBXGroup;
			children = (
				04E789C61CF32D24000CA09A /* ThreadHelpers.swift */,
			);
			path = ThreadHelpers;
			sourceTree = "<group>";
		};
		04E789C71CF32D24000CA09A /* ViperBaseClasses */ = {
			isa = PBXGroup;
			children = (
				04E789C81CF32D24000CA09A /* KeyboardParameters.swift */,
				04E789C91CF32D24000CA09A /* ViperPresenter.swift */,
				04E789CA1CF32D24000CA09A /* ViperRouter.swift */,
				04E789CB1CF32D24000CA09A /* ViperViewController.swift */,
			);
			path = ViperBaseClasses;
			sourceTree = "<group>";
		};
		12E8B6B01AAB1B9ECAEB878A /* Interface */ = {
			isa = PBXGroup;
			children = (
				2A944F8348FE63092680458D /* PhotoScreenModuleProtocols.swift */,
			);
			path = Interface;
			sourceTree = "<group>";
		};
		2A80A448059A80DAD3A6E710 /* PhotosList */ = {
			isa = PBXGroup;
			children = (
				A94A51463FEB551E30612296 /* Interface */,
				A20DC2B29F2F3B2DD1DD9508 /* NPhotosListViewController.swift */,
				EDBE5E1B65190B095C01A42D /* PhotosListPresenter.swift */,
				4D028AAF38C0364CB3474EC8 /* PhotosListInteractor.swift */,
				CA3FA7C67774D90F9613785A /* PhotosListRouter.swift */,
				4D780146485A12D0356130DF /* PhotosListAssembly.swift */,
			);
			path = PhotosList;
			sourceTree = "<group>";
		};
		618E16E13E31CF759F946C49 /* AlbumList */ = {
			isa = PBXGroup;
			children = (
				FE7E498C5EA1497B6F15A0E8 /* Interface */,
				6D79C42F837BAF02E74CCCE8 /* NAlbumListViewController.swift */,
				446BD82A8DA2CF1B7FC114DD /* AlbumListPresenter.swift */,
				2C66484B1CB54A6A893EB142 /* AlbumListInteractor.swift */,
				FF1FBBA0978522A4C8A308B0 /* AlbumListRouter.swift */,
				6413555A0530BC580D92E728 /* AlbumListAssembly.swift */,
			);
			path = AlbumList;
			sourceTree = "<group>";
		};
		81BBA53ACE2AA72E8B80AAA4 /* Frameworks */ = {
			isa = PBXGroup;
			children = (
				042A40FE1CDB26DC00828DA6 /* libVK-ios-sdk.a */,
				3A1BE67C3286EDF0D6FB0484 /* Pods_VKPhotoViewer.framework */,
				F4053B534326E1319595F8F0 /* libPods.a */,
			);
			name = Frameworks;
			sourceTree = "<group>";
		};
		82FAF549831E8FAA700641F2 /* PhotoScreen */ = {
			isa = PBXGroup;
			children = (
				12E8B6B01AAB1B9ECAEB878A /* Interface */,
				DBA9DF079DBAFCDC035C9BF1 /* NPhotoScreenViewController.swift */,
				B50570033EC5D6552D52599C /* PhotoScreenPresenter.swift */,
				AC6C2B328DE2675E3E91F487 /* PhotoScreenInteractor.swift */,
				2F9D4113921968E34B3E4888 /* PhotoScreenRouter.swift */,
				593BBBF48EE5AE044C0B2504 /* PhotoScreenAssembly.swift */,
			);
			path = PhotoScreen;
			sourceTree = "<group>";
		};
		8C7CBC6995915BA5290CC34B /* LoginScreen */ = {
			isa = PBXGroup;
			children = (
				9D44B9084FFAE6202F1576EC /* Interface */,
				151174877AEFA733A11D0933 /* NLoginScreenViewController.swift */,
				E93C3E98A52F0E108624583C /* LoginScreenPresenter.swift */,
				E604AD690DBAEE05602BA1CC /* LoginScreenInteractor.swift */,
				30B0ABF22779E1FCF2E84D6B /* LoginScreenRouter.swift */,
				96BB0D94594620AC8438674F /* LoginScreenAssembly.swift */,
			);
			path = LoginScreen;
			sourceTree = "<group>";
		};
		9D44B9084FFAE6202F1576EC /* Interface */ = {
			isa = PBXGroup;
			children = (
				6B34FA3897CB868FF63E875F /* LoginScreenModuleProtocols.swift */,
			);
			path = Interface;
			sourceTree = "<group>";
		};
		A94A51463FEB551E30612296 /* Interface */ = {
			isa = PBXGroup;
			children = (
				256AE23B52D95DAE97CA8F38 /* PhotosListModuleProtocols.swift */,
			);
			path = Interface;
			sourceTree = "<group>";
		};
		F6077CC13A035671A7279CEB /* Pods */ = {
			isa = PBXGroup;
			children = (
				B7C5CBC266D224E079BD7A2F /* Pods.debug.xcconfig */,
				7926DBB9393125FA6B1E2D69 /* Pods.release.xcconfig */,
			);
			name = Pods;
			sourceTree = "<group>";
		};
		FE7E498C5EA1497B6F15A0E8 /* Interface */ = {
			isa = PBXGroup;
			children = (
				6250ED2B13DF4A54F4CC0696 /* AlbumListModuleProtocols.swift */,
			);
			path = Interface;
			sourceTree = "<group>";
		};
/* End PBXGroup section */

/* Begin PBXNativeTarget section */
		0458B3851CDA791F00995807 /* VKPhotoViewer */ = {
			isa = PBXNativeTarget;
			buildConfigurationList = 0458B3981CDA791F00995807 /* Build configuration list for PBXNativeTarget "VKPhotoViewer" */;
			buildPhases = (
				606FCC651E78D2C8470DD837 /* Check Pods Manifest.lock */,
				0458B3821CDA791F00995807 /* Sources */,
				0458B3831CDA791F00995807 /* Frameworks */,
				0458B3841CDA791F00995807 /* Resources */,
				2C266B343DCFED95F00DAA05 /* Copy Pods Resources */,
			);
			buildRules = (
			);
			dependencies = (
			);
			name = VKPhotoViewer;
			productName = VKPhotoViewer;
			productReference = 0458B3861CDA791F00995807 /* VKPhotoViewer.app */;
			productType = "com.apple.product-type.application";
		};
		04F326A91CF1E582001DEBE2 /* VKPhotoViewerUITests */ = {
			isa = PBXNativeTarget;
			buildConfigurationList = 04F326B11CF1E582001DEBE2 /* Build configuration list for PBXNativeTarget "VKPhotoViewerUITests" */;
			buildPhases = (
				04F326A61CF1E582001DEBE2 /* Sources */,
				04F326A71CF1E582001DEBE2 /* Frameworks */,
				04F326A81CF1E582001DEBE2 /* Resources */,
			);
			buildRules = (
			);
			dependencies = (
				04F326B01CF1E582001DEBE2 /* PBXTargetDependency */,
			);
			name = VKPhotoViewerUITests;
			productName = VKPhotoViewerUITests;
			productReference = 04F326AA1CF1E582001DEBE2 /* VKPhotoViewerUITests.xctest */;
			productType = "com.apple.product-type.bundle.ui-testing";
		};
/* End PBXNativeTarget section */

/* Begin PBXProject section */
		0458B37E1CDA791F00995807 /* Project object */ = {
			isa = PBXProject;
			attributes = {
				LastSwiftUpdateCheck = 0710;
				LastUpgradeCheck = 0710;
				ORGANIZATIONNAME = "Starikov Evgen";
				TargetAttributes = {
					0458B3851CDA791F00995807 = {
						CreatedOnToolsVersion = 7.1;
					};
					04F326A91CF1E582001DEBE2 = {
						CreatedOnToolsVersion = 7.1;
						TestTargetID = 0458B3851CDA791F00995807;
					};
				};
			};
			buildConfigurationList = 0458B3811CDA791F00995807 /* Build configuration list for PBXProject "VKPhotoViewer" */;
			compatibilityVersion = "Xcode 3.2";
			developmentRegion = English;
			hasScannedForEncodings = 0;
			knownRegions = (
				en,
				Base,
			);
			mainGroup = 0458B37D1CDA791F00995807;
			productRefGroup = 0458B3871CDA791F00995807 /* Products */;
			projectDirPath = "";
			projectRoot = "";
			targets = (
				0458B3851CDA791F00995807 /* VKPhotoViewer */,
				04F326A91CF1E582001DEBE2 /* VKPhotoViewerUITests */,
			);
		};
/* End PBXProject section */

/* Begin PBXResourcesBuildPhase section */
		0458B3841CDA791F00995807 /* Resources */ = {
			isa = PBXResourcesBuildPhase;
			buildActionMask = 2147483647;
			files = (
				04E789881CF3219A000CA09A /* LaunchScreen.storyboard in Resources */,
				04E789871CF3219A000CA09A /* Assets.xcassets in Resources */,
				042A40FD1CDB215200828DA6 /* Podfile in Resources */,
				04E7898A1CF3219A000CA09A /* Main.storyboard in Resources */,
			);
			runOnlyForDeploymentPostprocessing = 0;
		};
		04F326A81CF1E582001DEBE2 /* Resources */ = {
			isa = PBXResourcesBuildPhase;
			buildActionMask = 2147483647;
			files = (
			);
			runOnlyForDeploymentPostprocessing = 0;
		};
/* End PBXResourcesBuildPhase section */

/* Begin PBXShellScriptBuildPhase section */
		2C266B343DCFED95F00DAA05 /* Copy Pods Resources */ = {
			isa = PBXShellScriptBuildPhase;
			buildActionMask = 2147483647;
			files = (
			);
			inputPaths = (
			);
			name = "Copy Pods Resources";
			outputPaths = (
			);
			runOnlyForDeploymentPostprocessing = 0;
			shellPath = /bin/sh;
			shellScript = "\"${SRCROOT}/Pods/Target Support Files/Pods/Pods-resources.sh\"\n";
			showEnvVarsInLog = 0;
		};
		606FCC651E78D2C8470DD837 /* Check Pods Manifest.lock */ = {
			isa = PBXShellScriptBuildPhase;
			buildActionMask = 2147483647;
			files = (
			);
			inputPaths = (
			);
			name = "Check Pods Manifest.lock";
			outputPaths = (
			);
			runOnlyForDeploymentPostprocessing = 0;
			shellPath = /bin/sh;
			shellScript = "diff \"${PODS_ROOT}/../Podfile.lock\" \"${PODS_ROOT}/Manifest.lock\" > /dev/null\nif [[ $? != 0 ]] ; then\n    cat << EOM\nerror: The sandbox is not in sync with the Podfile.lock. Run 'pod install' or update your CocoaPods installation.\nEOM\n    exit 1\nfi\n";
			showEnvVarsInLog = 0;
		};
/* End PBXShellScriptBuildPhase section */

/* Begin PBXSourcesBuildPhase section */
		0458B3821CDA791F00995807 /* Sources */ = {
			isa = PBXSourcesBuildPhase;
			buildActionMask = 2147483647;
			files = (
				04E789CE1CF32D24000CA09A /* ViperPresenter.swift in Sources */,
				04E789891CF3219A000CA09A /* RootRouter.swift in Sources */,
				04E789CC1CF32D24000CA09A /* ThreadHelpers.swift in Sources */,
				04E789861CF3219A000CA09A /* AppDelegate.swift in Sources */,
				04E789D01CF32D24000CA09A /* ViperViewController.swift in Sources */,
				04E789CF1CF32D24000CA09A /* ViperRouter.swift in Sources */,
				E43DB0D30C6401905409FDE9 /* LoginScreenModuleProtocols.swift in Sources */,
				04E789CD1CF32D24000CA09A /* KeyboardParameters.swift in Sources */,
				4C4C6EFD9AC87ED8EDB6623E /* NLoginScreenViewController.swift in Sources */,
				65EF9D7BBC7148194BA7D517 /* LoginScreenPresenter.swift in Sources */,
				8F0F81836FCFB6856FD26393 /* LoginScreenInteractor.swift in Sources */,
				739EDE9E9F0A08AF598ABACC /* LoginScreenRouter.swift in Sources */,
				95E13C7AE2B5014256BA25CE /* LoginScreenAssembly.swift in Sources */,
				D8A20A61BE9B03C5012E697F /* AlbumListModuleProtocols.swift in Sources */,
				9D60D55750055D8C28471851 /* NAlbumListViewController.swift in Sources */,
				1BC4938BD006E52DCE23C385 /* AlbumListPresenter.swift in Sources */,
				AEA8A2A3067F7471FCAF5E03 /* AlbumListInteractor.swift in Sources */,
				8F605D5094139CF576B7E95D /* AlbumListRouter.swift in Sources */,
				9FC188AE9D2E8BC44A843612 /* AlbumListAssembly.swift in Sources */,
				11033CA0148AA3C9E2CFBC54 /* PhotosListModuleProtocols.swift in Sources */,
				78570C365991517C9C755681 /* NPhotosListViewController.swift in Sources */,
				9D658D32CFFE12189B95F3C1 /* PhotosListPresenter.swift in Sources */,
				CBBEF3E9FB7D2C39E0774951 /* PhotosListInteractor.swift in Sources */,
				6CDD67CED1356628D89A8007 /* PhotosListRouter.swift in Sources */,
				39702E24B6ED8D1C47BF2501 /* PhotosListAssembly.swift in Sources */,
				D57EB52C60C2176B8F1978FC /* PhotoScreenModuleProtocols.swift in Sources */,
				68DEF57AF1BA34D46BC79588 /* NPhotoScreenViewController.swift in Sources */,
				1EADC7586B135E34A5F4AC29 /* PhotoScreenPresenter.swift in Sources */,
				8590C2719AF0EE9875B4364A /* PhotoScreenInteractor.swift in Sources */,
				D4346F33A35B80EAC2057120 /* PhotoScreenRouter.swift in Sources */,
				AB02C78EEB155FCF062F2E85 /* PhotoScreenAssembly.swift in Sources */,
			);
			runOnlyForDeploymentPostprocessing = 0;
		};
		04F326A61CF1E582001DEBE2 /* Sources */ = {
			isa = PBXSourcesBuildPhase;
			buildActionMask = 2147483647;
			files = (
			);
			runOnlyForDeploymentPostprocessing = 0;
		};
/* End PBXSourcesBuildPhase section */

/* Begin PBXTargetDependency section */
		04F326B01CF1E582001DEBE2 /* PBXTargetDependency */ = {
			isa = PBXTargetDependency;
			target = 0458B3851CDA791F00995807 /* VKPhotoViewer */;
			targetProxy = 04F326AF1CF1E582001DEBE2 /* PBXContainerItemProxy */;
		};
/* End PBXTargetDependency section */

/* Begin XCBuildConfiguration section */
		0458B3961CDA791F00995807 /* Debug */ = {
			isa = XCBuildConfiguration;
			buildSettings = {
				ALWAYS_SEARCH_USER_PATHS = NO;
				CLANG_CXX_LANGUAGE_STANDARD = "gnu++0x";
				CLANG_CXX_LIBRARY = "libc++";
				CLANG_ENABLE_MODULES = YES;
				CLANG_ENABLE_OBJC_ARC = YES;
				CLANG_WARN_BOOL_CONVERSION = YES;
				CLANG_WARN_CONSTANT_CONVERSION = YES;
				CLANG_WARN_DIRECT_OBJC_ISA_USAGE = YES_ERROR;
				CLANG_WARN_EMPTY_BODY = YES;
				CLANG_WARN_ENUM_CONVERSION = YES;
				CLANG_WARN_INT_CONVERSION = YES;
				CLANG_WARN_OBJC_ROOT_CLASS = YES_ERROR;
				CLANG_WARN_UNREACHABLE_CODE = YES;
				CLANG_WARN__DUPLICATE_METHOD_MATCH = YES;
				"CODE_SIGN_IDENTITY[sdk=iphoneos*]" = "iPhone Developer";
				COPY_PHASE_STRIP = NO;
				DEBUG_INFORMATION_FORMAT = dwarf;
				ENABLE_STRICT_OBJC_MSGSEND = YES;
				ENABLE_TESTABILITY = YES;
				GCC_C_LANGUAGE_STANDARD = gnu99;
				GCC_DYNAMIC_NO_PIC = NO;
				GCC_NO_COMMON_BLOCKS = YES;
				GCC_OPTIMIZATION_LEVEL = 0;
				GCC_PREPROCESSOR_DEFINITIONS = (
					"DEBUG=1",
					"$(inherited)",
				);
				GCC_WARN_64_TO_32_BIT_CONVERSION = YES;
				GCC_WARN_ABOUT_RETURN_TYPE = YES_ERROR;
				GCC_WARN_UNDECLARED_SELECTOR = YES;
				GCC_WARN_UNINITIALIZED_AUTOS = YES_AGGRESSIVE;
				GCC_WARN_UNUSED_FUNCTION = YES;
				GCC_WARN_UNUSED_VARIABLE = YES;
				IPHONEOS_DEPLOYMENT_TARGET = 9.1;
				MTL_ENABLE_DEBUG_INFO = YES;
				ONLY_ACTIVE_ARCH = YES;
				SDKROOT = iphoneos;
				SWIFT_OPTIMIZATION_LEVEL = "-Onone";
			};
			name = Debug;
		};
		0458B3971CDA791F00995807 /* Release */ = {
			isa = XCBuildConfiguration;
			buildSettings = {
				ALWAYS_SEARCH_USER_PATHS = NO;
				CLANG_CXX_LANGUAGE_STANDARD = "gnu++0x";
				CLANG_CXX_LIBRARY = "libc++";
				CLANG_ENABLE_MODULES = YES;
				CLANG_ENABLE_OBJC_ARC = YES;
				CLANG_WARN_BOOL_CONVERSION = YES;
				CLANG_WARN_CONSTANT_CONVERSION = YES;
				CLANG_WARN_DIRECT_OBJC_ISA_USAGE = YES_ERROR;
				CLANG_WARN_EMPTY_BODY = YES;
				CLANG_WARN_ENUM_CONVERSION = YES;
				CLANG_WARN_INT_CONVERSION = YES;
				CLANG_WARN_OBJC_ROOT_CLASS = YES_ERROR;
				CLANG_WARN_UNREACHABLE_CODE = YES;
				CLANG_WARN__DUPLICATE_METHOD_MATCH = YES;
				"CODE_SIGN_IDENTITY[sdk=iphoneos*]" = "iPhone Developer";
				COPY_PHASE_STRIP = NO;
				DEBUG_INFORMATION_FORMAT = "dwarf-with-dsym";
				ENABLE_NS_ASSERTIONS = NO;
				ENABLE_STRICT_OBJC_MSGSEND = YES;
				GCC_C_LANGUAGE_STANDARD = gnu99;
				GCC_NO_COMMON_BLOCKS = YES;
				GCC_WARN_64_TO_32_BIT_CONVERSION = YES;
				GCC_WARN_ABOUT_RETURN_TYPE = YES_ERROR;
				GCC_WARN_UNDECLARED_SELECTOR = YES;
				GCC_WARN_UNINITIALIZED_AUTOS = YES_AGGRESSIVE;
				GCC_WARN_UNUSED_FUNCTION = YES;
				GCC_WARN_UNUSED_VARIABLE = YES;
				IPHONEOS_DEPLOYMENT_TARGET = 9.1;
				MTL_ENABLE_DEBUG_INFO = NO;
				SDKROOT = iphoneos;
				VALIDATE_PRODUCT = YES;
			};
			name = Release;
		};
		0458B3991CDA791F00995807 /* Debug */ = {
			isa = XCBuildConfiguration;
			baseConfigurationReference = B7C5CBC266D224E079BD7A2F /* Pods.debug.xcconfig */;
			buildSettings = {
				ASSETCATALOG_COMPILER_APPICON_NAME = AppIcon;
				CLANG_ENABLE_MODULES = YES;
				EMBEDDED_CONTENT_CONTAINS_SWIFT = YES;
				INFOPLIST_FILE = VKPhotoViewer/Info.plist;
				LD_RUNPATH_SEARCH_PATHS = "$(inherited) @executable_path/Frameworks";
				LIBRARY_SEARCH_PATHS = (
					"$(inherited)",
					"$(PROJECT_DIR)/build/Debug-iphoneos",
				);
				PRODUCT_BUNDLE_IDENTIFIER = com.vk.VKPhotoViewer;
				PRODUCT_NAME = "$(TARGET_NAME)";
				SWIFT_OBJC_BRIDGING_HEADER = "Classes/Application/VKPhotoViewer-Bridging-Header.h";
				SWIFT_OPTIMIZATION_LEVEL = "-Onone";
			};
			name = Debug;
		};
		0458B39A1CDA791F00995807 /* Release */ = {
			isa = XCBuildConfiguration;
			baseConfigurationReference = 7926DBB9393125FA6B1E2D69 /* Pods.release.xcconfig */;
			buildSettings = {
				ASSETCATALOG_COMPILER_APPICON_NAME = AppIcon;
				CLANG_ENABLE_MODULES = YES;
				EMBEDDED_CONTENT_CONTAINS_SWIFT = YES;
				INFOPLIST_FILE = VKPhotoViewer/Info.plist;
				LD_RUNPATH_SEARCH_PATHS = "$(inherited) @executable_path/Frameworks";
				LIBRARY_SEARCH_PATHS = (
					"$(inherited)",
					"$(PROJECT_DIR)/build/Debug-iphoneos",
				);
				PRODUCT_BUNDLE_IDENTIFIER = com.vk.VKPhotoViewer;
				PRODUCT_NAME = "$(TARGET_NAME)";
				SWIFT_OBJC_BRIDGING_HEADER = "Classes/Application/VKPhotoViewer-Bridging-Header.h";
			};
			name = Release;
		};
		04F326B21CF1E582001DEBE2 /* Debug */ = {
			isa = XCBuildConfiguration;
			buildSettings = {
				INFOPLIST_FILE = VKPhotoViewerUITests/Info.plist;
				LD_RUNPATH_SEARCH_PATHS = "$(inherited) @executable_path/Frameworks @loader_path/Frameworks";
				PRODUCT_BUNDLE_IDENTIFIER = "Starikov-Evgen.VKPhotoViewerUITests";
				PRODUCT_NAME = "$(TARGET_NAME)";
				TEST_TARGET_NAME = VKPhotoViewer;
				USES_XCTRUNNER = YES;
			};
			name = Debug;
		};
		04F326B31CF1E582001DEBE2 /* Release */ = {
			isa = XCBuildConfiguration;
			buildSettings = {
				INFOPLIST_FILE = VKPhotoViewerUITests/Info.plist;
				LD_RUNPATH_SEARCH_PATHS = "$(inherited) @executable_path/Frameworks @loader_path/Frameworks";
				PRODUCT_BUNDLE_IDENTIFIER = "Starikov-Evgen.VKPhotoViewerUITests";
				PRODUCT_NAME = "$(TARGET_NAME)";
				TEST_TARGET_NAME = VKPhotoViewer;
				USES_XCTRUNNER = YES;
			};
			name = Release;
		};
/* End XCBuildConfiguration section */

/* Begin XCConfigurationList section */
		0458B3811CDA791F00995807 /* Build configuration list for PBXProject "VKPhotoViewer" */ = {
			isa = XCConfigurationList;
			buildConfigurations = (
				0458B3961CDA791F00995807 /* Debug */,
				0458B3971CDA791F00995807 /* Release */,
			);
			defaultConfigurationIsVisible = 0;
			defaultConfigurationName = Release;
		};
		0458B3981CDA791F00995807 /* Build configuration list for PBXNativeTarget "VKPhotoViewer" */ = {
			isa = XCConfigurationList;
			buildConfigurations = (
				0458B3991CDA791F00995807 /* Debug */,
				0458B39A1CDA791F00995807 /* Release */,
			);
			defaultConfigurationIsVisible = 0;
			defaultConfigurationName = Release;
		};
		04F326B11CF1E582001DEBE2 /* Build configuration list for PBXNativeTarget "VKPhotoViewerUITests" */ = {
			isa = XCConfigurationList;
			buildConfigurations = (
				04F326B21CF1E582001DEBE2 /* Debug */,
				04F326B31CF1E582001DEBE2 /* Release */,
			);
			defaultConfigurationIsVisible = 0;
			defaultConfigurationName = Release;
		};
/* End XCConfigurationList section */
	};
	rootObject = 0458B37E1CDA791F00995807 /* Project object */;
}
